
Microsoft Visual Studio Solution File, Format Version 12.00
# Visual Studio Version 17
VisualStudioVersion = 17.14.36327.8 d17.14
MinimumVisualStudioVersion = 10.0.40219.1
Project("{FAE04EC0-301F-11D3-BF4B-00C04F79EFBC}") = "GerenciadorDeOVNI", "GerenciadorDeOVNI\GerenciadorDeOVNI.csproj", "{B6AE44C1-BF0B-437D-B3E3-1473C95FBDBF}"
EndProject
Project("{FAE04EC0-301F-11D3-BF4B-00C04F79EFBC}") = "BibliotecaOVNI", "BibliotecaOVNI\BibliotecaOVNI\BibliotecaOVNI.csproj", "{7577C21D-1E10-4713-BC20-5339BEE758AF}"
EndProject
Global
	GlobalSection(SolutionConfigurationPlatforms) = preSolution
		Debug|Any CPU = Debug|Any CPU
		Release|Any CPU = Release|Any CPU
	EndGlobalSection
	GlobalSection(ProjectConfigurationPlatforms) = postSolution
		{B6AE44C1-BF0B-437D-B3E3-1473C95FBDBF}.Debug|Any CPU.ActiveCfg = Debug|Any CPU
		{B6AE44C1-BF0B-437D-B3E3-1473C95FBDBF}.Debug|Any CPU.Build.0 = Debug|Any CPU
		{B6AE44C1-BF0B-437D-B3E3-1473C95FBDBF}.Release|Any CPU.ActiveCfg = Release|Any CPU
		{B6AE44C1-BF0B-437D-B3E3-1473C95FBDBF}.Release|Any CPU.Build.0 = Release|Any CPU
		{7577C21D-1E10-4713-BC20-5339BEE758AF}.Debug|Any CPU.ActiveCfg = Debug|Any CPU
		{7577C21D-1E10-4713-BC20-5339BEE758AF}.Debug|Any CPU.Build.0 = Debug|Any CPU
		{7577C21D-1E10-4713-BC20-5339BEE758AF}.Release|Any CPU.ActiveCfg = Release|Any CPU
		{7577C21D-1E10-4713-BC20-5339BEE758AF}.Release|Any CPU.Build.0 = Release|Any CPU
	EndGlobalSection
	GlobalSection(SolutionProperties) = preSolution
		HideSolutionNode = FALSE
	EndGlobalSection
	GlobalSection(ExtensibilityGlobals) = postSolution
		SolutionGuid = {97EB31A1-E39C-4BDC-AF14-8C49C5BF9B5D}
	EndGlobalSection
EndGlobal
